
Microsoft Visual Studio Solution File, Format Version 12.00
# Visual Studio 15
VisualStudioVersion = 15.0.27130.2036
MinimumVisualStudioVersion = 10.0.40219.1
Project("{FAE04EC0-301F-11D3-BF4B-00C04F79EFBC}") = "EvenementRennes", "EvenementRennes\EvenementRennes.csproj", "{F093EFF6-B671-4F6F-A027-FE8349C2D47D}"
EndProject
Global
	GlobalSection(SolutionConfigurationPlatforms) = preSolution
		Debug|Any CPU = Debug|Any CPU
		Release|Any CPU = Release|Any CPU
	EndGlobalSection
	GlobalSection(ProjectConfigurationPlatforms) = postSolution
		{F093EFF6-B671-4F6F-A027-FE8349C2D47D}.Debug|Any CPU.ActiveCfg = Debug|Any CPU
		{F093EFF6-B671-4F6F-A027-FE8349C2D47D}.Debug|Any CPU.Build.0 = Debug|Any CPU
		{F093EFF6-B671-4F6F-A027-FE8349C2D47D}.Release|Any CPU.ActiveCfg = Release|Any CPU
		{F093EFF6-B671-4F6F-A027-FE8349C2D47D}.Release|Any CPU.Build.0 = Release|Any CPU
	EndGlobalSection
	GlobalSection(SolutionProperties) = preSolution
		HideSolutionNode = FALSE
	EndGlobalSection
	GlobalSection(ExtensibilityGlobals) = postSolution
		SolutionGuid = {3AC2CFD3-379B-49EF-B9A6-B0B132569699}
	EndGlobalSection
EndGlobal
